// !$*UTF8*$!
{
	archiveVersion = 1;
	classes = {
	};
	objectVersion = 50;
	objects = {

/* Begin PBXBuildFile section */
		496717FC212F4427009620B6 /* AppDelegate.swift in Sources */ = {isa = PBXBuildFile; fileRef = 496717FB212F4427009620B6 /* AppDelegate.swift */; };
		496717FE212F4427009620B6 /* ViewController.swift in Sources */ = {isa = PBXBuildFile; fileRef = 496717FD212F4427009620B6 /* ViewController.swift */; };
		49671803212F4428009620B6 /* Assets.xcassets in Resources */ = {isa = PBXBuildFile; fileRef = 49671802212F4428009620B6 /* Assets.xcassets */; };
		49671806212F4428009620B6 /* LaunchScreen.storyboard in Resources */ = {isa = PBXBuildFile; fileRef = 49671804212F4428009620B6 /* LaunchScreen.storyboard */; };
		49671811212F4428009620B6 /* HelloWorldTests.swift in Sources */ = {isa = PBXBuildFile; fileRef = 49671810212F4428009620B6 /* HelloWorldTests.swift */; };
		4967181C212F4428009620B6 /* HelloWorldUITests.swift in Sources */ = {isa = PBXBuildFile; fileRef = 4967181B212F4428009620B6 /* HelloWorldUITests.swift */; };
		4967182C212F4517009620B6 /* HelloWorldViewController.swift in Sources */ = {isa = PBXBuildFile; fileRef = 4967182A212F4517009620B6 /* HelloWorldViewController.swift */; };
		4967182D212F4517009620B6 /* HelloWorldViewController.xib in Resources */ = {isa = PBXBuildFile; fileRef = 4967182B212F4517009620B6 /* HelloWorldViewController.xib */; };
/* End PBXBuildFile section */

/* Begin PBXContainerItemProxy section */
		4967180D212F4428009620B6 /* PBXContainerItemProxy */ = {
			isa = PBXContainerItemProxy;
			containerPortal = 496717F0212F4427009620B6 /* Project object */;
			proxyType = 1;
			remoteGlobalIDString = 496717F7212F4427009620B6;
			remoteInfo = HelloWorld;
		};
		49671818212F4428009620B6 /* PBXContainerItemProxy */ = {
			isa = PBXContainerItemProxy;
			containerPortal = 496717F0212F4427009620B6 /* Project object */;
			proxyType = 1;
			remoteGlobalIDString = 496717F7212F4427009620B6;
			remoteInfo = HelloWorld;
		};
/* End PBXContainerItemProxy section */

/* Begin PBXFileReference section */
		496717F8212F4427009620B6 /* HelloWorld.app */ = {isa = PBXFileReference; explicitFileType = wrapper.application; includeInIndex = 0; path = HelloWorld.app; sourceTree = BUILT_PRODUCTS_DIR; };
		496717FB212F4427009620B6 /* AppDelegate.swift */ = {isa = PBXFileReference; lastKnownFileType = sourcecode.swift; path = AppDelegate.swift; sourceTree = "<group>"; };
		496717FD212F4427009620B6 /* ViewController.swift */ = {isa = PBXFileReference; lastKnownFileType = sourcecode.swift; path = ViewController.swift; sourceTree = "<group>"; };
		49671802212F4428009620B6 /* Assets.xcassets */ = {isa = PBXFileReference; lastKnownFileType = folder.assetcatalog; path = Assets.xcassets; sourceTree = "<group>"; };
		49671805212F4428009620B6 /* Base */ = {isa = PBXFileReference; lastKnownFileType = file.storyboard; name = Base; path = Base.lproj/LaunchScreen.storyboard; sourceTree = "<group>"; };
		49671807212F4428009620B6 /* Info.plist */ = {isa = PBXFileReference; lastKnownFileType = text.plist.xml; path = Info.plist; sourceTree = "<group>"; };
		4967180C212F4428009620B6 /* HelloWorldTests.xctest */ = {isa = PBXFileReference; explicitFileType = wrapper.cfbundle; includeInIndex = 0; path = HelloWorldTests.xctest; sourceTree = BUILT_PRODUCTS_DIR; };
		49671810212F4428009620B6 /* HelloWorldTests.swift */ = {isa = PBXFileReference; lastKnownFileType = sourcecode.swift; path = HelloWorldTests.swift; sourceTree = "<group>"; };
		49671812212F4428009620B6 /* Info.plist */ = {isa = PBXFileReference; lastKnownFileType = text.plist.xml; path = Info.plist; sourceTree = "<group>"; };
		49671817212F4428009620B6 /* HelloWorldUITests.xctest */ = {isa = PBXFileReference; explicitFileType = wrapper.cfbundle; includeInIndex = 0; path = HelloWorldUITests.xctest; sourceTree = BUILT_PRODUCTS_DIR; };
		4967181B212F4428009620B6 /* HelloWorldUITests.swift */ = {isa = PBXFileReference; lastKnownFileType = sourcecode.swift; path = HelloWorldUITests.swift; sourceTree = "<group>"; };
		4967181D212F4428009620B6 /* Info.plist */ = {isa = PBXFileReference; lastKnownFileType = text.plist.xml; path = Info.plist; sourceTree = "<group>"; };
		4967182A212F4517009620B6 /* HelloWorldViewController.swift */ = {isa = PBXFileReference; lastKnownFileType = sourcecode.swift; path = HelloWorldViewController.swift; sourceTree = "<group>"; };
		4967182B212F4517009620B6 /* HelloWorldViewController.xib */ = {isa = PBXFileReference; lastKnownFileType = file.xib; path = HelloWorldViewController.xib; sourceTree = "<group>"; };
/* End PBXFileReference section */

/* Begin PBXFrameworksBuildPhase section */
		496717F5212F4427009620B6 /* Frameworks */ = {
			isa = PBXFrameworksBuildPhase;
			buildActionMask = 2147483647;
			files = (
			);
			runOnlyForDeploymentPostprocessing = 0;
		};
		49671809212F4428009620B6 /* Frameworks */ = {
			isa = PBXFrameworksBuildPhase;
			buildActionMask = 2147483647;
			files = (
			);
			runOnlyForDeploymentPostprocessing = 0;
		};
		49671814212F4428009620B6 /* Frameworks */ = {
			isa = PBXFrameworksBuildPhase;
			buildActionMask = 2147483647;
			files = (
			);
			runOnlyForDeploymentPostprocessing = 0;
		};
/* End PBXFrameworksBuildPhase section */

/* Begin PBXGroup section */
		496717EF212F4427009620B6 = {
			isa = PBXGroup;
			children = (
				496717FA212F4427009620B6 /* HelloWorld */,
				4967180F212F4428009620B6 /* HelloWorldTests */,
				4967181A212F4428009620B6 /* HelloWorldUITests */,
				496717F9212F4427009620B6 /* Products */,
			);
			sourceTree = "<group>";
		};
		496717F9212F4427009620B6 /* Products */ = {
			isa = PBXGroup;
			children = (
				496717F8212F4427009620B6 /* HelloWorld.app */,
				4967180C212F4428009620B6 /* HelloWorldTests.xctest */,
				49671817212F4428009620B6 /* HelloWorldUITests.xctest */,
			);
			name = Products;
			sourceTree = "<group>";
		};
		496717FA212F4427009620B6 /* HelloWorld */ = {
			isa = PBXGroup;
			children = (
				496717FB212F4427009620B6 /* AppDelegate.swift */,
				496717FD212F4427009620B6 /* ViewController.swift */,
				49671829212F44DF009620B6 /* Controllers */,
				49671802212F4428009620B6 /* Assets.xcassets */,
				49671804212F4428009620B6 /* LaunchScreen.storyboard */,
				49671807212F4428009620B6 /* Info.plist */,
			);
			path = HelloWorld;
			sourceTree = "<group>";
		};
		4967180F212F4428009620B6 /* HelloWorldTests */ = {
			isa = PBXGroup;
			children = (
				49671810212F4428009620B6 /* HelloWorldTests.swift */,
				49671812212F4428009620B6 /* Info.plist */,
			);
			path = HelloWorldTests;
			sourceTree = "<group>";
		};
		4967181A212F4428009620B6 /* HelloWorldUITests */ = {
			isa = PBXGroup;
			children = (
				4967181B212F4428009620B6 /* HelloWorldUITests.swift */,
				4967181D212F4428009620B6 /* Info.plist */,
			);
			path = HelloWorldUITests;
			sourceTree = "<group>";
		};
		49671829212F44DF009620B6 /* Controllers */ = {
			isa = PBXGroup;
			children = (
				4967182A212F4517009620B6 /* HelloWorldViewController.swift */,
				4967182B212F4517009620B6 /* HelloWorldViewController.xib */,
			);
			path = Controllers;
			sourceTree = "<group>";
		};
/* End PBXGroup section */

/* Begin PBXNativeTarget section */
		496717F7212F4427009620B6 /* HelloWorld */ = {
			isa = PBXNativeTarget;
			buildConfigurationList = 49671820212F4428009620B6 /* Build configuration list for PBXNativeTarget "HelloWorld" */;
			buildPhases = (
				496717F4212F4427009620B6 /* Sources */,
				496717F5212F4427009620B6 /* Frameworks */,
				496717F6212F4427009620B6 /* Resources */,
			);
			buildRules = (
			);
			dependencies = (
			);
			name = HelloWorld;
			productName = HelloWorld;
			productReference = 496717F8212F4427009620B6 /* HelloWorld.app */;
			productType = "com.apple.product-type.application";
		};
		4967180B212F4428009620B6 /* HelloWorldTests */ = {
			isa = PBXNativeTarget;
			buildConfigurationList = 49671823212F4428009620B6 /* Build configuration list for PBXNativeTarget "HelloWorldTests" */;
			buildPhases = (
				49671808212F4428009620B6 /* Sources */,
				49671809212F4428009620B6 /* Frameworks */,
				4967180A212F4428009620B6 /* Resources */,
			);
			buildRules = (
			);
			dependencies = (
				4967180E212F4428009620B6 /* PBXTargetDependency */,
			);
			name = HelloWorldTests;
			productName = HelloWorldTests;
			productReference = 4967180C212F4428009620B6 /* HelloWorldTests.xctest */;
			productType = "com.apple.product-type.bundle.unit-test";
		};
		49671816212F4428009620B6 /* HelloWorldUITests */ = {
			isa = PBXNativeTarget;
			buildConfigurationList = 49671826212F4428009620B6 /* Build configuration list for PBXNativeTarget "HelloWorldUITests" */;
			buildPhases = (
				49671813212F4428009620B6 /* Sources */,
				49671814212F4428009620B6 /* Frameworks */,
				49671815212F4428009620B6 /* Resources */,
			);
			buildRules = (
			);
			dependencies = (
				49671819212F4428009620B6 /* PBXTargetDependency */,
			);
			name = HelloWorldUITests;
			productName = HelloWorldUITests;
			productReference = 49671817212F4428009620B6 /* HelloWorldUITests.xctest */;
			productType = "com.apple.product-type.bundle.ui-testing";
		};
/* End PBXNativeTarget section */

/* Begin PBXProject section */
		496717F0212F4427009620B6 /* Project object */ = {
			isa = PBXProject;
			attributes = {
				LastSwiftUpdateCheck = 0940;
				LastUpgradeCheck = 0940;
				ORGANIZATIONNAME = "Abby Smith";
				TargetAttributes = {
					496717F7212F4427009620B6 = {
						CreatedOnToolsVersion = 9.4.1;
					};
					4967180B212F4428009620B6 = {
						CreatedOnToolsVersion = 9.4.1;
						TestTargetID = 496717F7212F4427009620B6;
					};
					49671816212F4428009620B6 = {
						CreatedOnToolsVersion = 9.4.1;
						TestTargetID = 496717F7212F4427009620B6;
					};
				};
			};
			buildConfigurationList = 496717F3212F4427009620B6 /* Build configuration list for PBXProject "HelloWorld" */;
			compatibilityVersion = "Xcode 9.3";
			developmentRegion = en;
			hasScannedForEncodings = 0;
			knownRegions = (
				en,
				Base,
			);
			mainGroup = 496717EF212F4427009620B6;
			productRefGroup = 496717F9212F4427009620B6 /* Products */;
			projectDirPath = "";
			projectRoot = "";
			targets = (
				496717F7212F4427009620B6 /* HelloWorld */,
				4967180B212F4428009620B6 /* HelloWorldTests */,
				49671816212F4428009620B6 /* HelloWorldUITests */,
			);
		};
/* End PBXProject section */

/* Begin PBXResourcesBuildPhase section */
		496717F6212F4427009620B6 /* Resources */ = {
			isa = PBXResourcesBuildPhase;
			buildActionMask = 2147483647;
			files = (
				49671806212F4428009620B6 /* LaunchScreen.storyboard in Resources */,
				49671803212F4428009620B6 /* Assets.xcassets in Resources */,
				4967182D212F4517009620B6 /* HelloWorldViewController.xib in Resources */,
			);
			runOnlyForDeploymentPostprocessing = 0;
		};
		4967180A212F4428009620B6 /* Resources */ = {
			isa = PBXResourcesBuildPhase;
			buildActionMask = 2147483647;
			files = (
			);
			runOnlyForDeploymentPostprocessing = 0;
		};
		49671815212F4428009620B6 /* Resources */ = {
			isa = PBXResourcesBuildPhase;
			buildActionMask = 2147483647;
			files = (
			);
			runOnlyForDeploymentPostprocessing = 0;
		};
/* End PBXResourcesBuildPhase section */

/* Begin PBXSourcesBuildPhase section */
		496717F4212F4427009620B6 /* Sources */ = {
			isa = PBXSourcesBuildPhase;
			buildActionMask = 2147483647;
			files = (
				496717FE212F4427009620B6 /* ViewController.swift in Sources */,
				496717FC212F4427009620B6 /* AppDelegate.swift in Sources */,
				4967182C212F4517009620B6 /* HelloWorldViewController.swift in Sources */,
			);
			runOnlyForDeploymentPostprocessing = 0;
		};
		49671808212F4428009620B6 /* Sources */ = {
			isa = PBXSourcesBuildPhase;
			buildActionMask = 2147483647;
			files = (
				49671811212F4428009620B6 /* HelloWorldTests.swift in Sources */,
			);
			runOnlyForDeploymentPostprocessing = 0;
		};
		49671813212F4428009620B6 /* Sources */ = {
			isa = PBXSourcesBuildPhase;
			buildActionMask = 2147483647;
			files = (
				4967181C212F4428009620B6 /* HelloWorldUITests.swift in Sources */,
			);
			runOnlyForDeploymentPostprocessing = 0;
		};
/* End PBXSourcesBuildPhase section */

/* Begin PBXTargetDependency section */
		4967180E212F4428009620B6 /* PBXTargetDependency */ = {
			isa = PBXTargetDependency;
			target = 496717F7212F4427009620B6 /* HelloWorld */;
			targetProxy = 4967180D212F4428009620B6 /* PBXContainerItemProxy */;
		};
		49671819212F4428009620B6 /* PBXTargetDependency */ = {
			isa = PBXTargetDependency;
			target = 496717F7212F4427009620B6 /* HelloWorld */;
			targetProxy = 49671818212F4428009620B6 /* PBXContainerItemProxy */;
		};
/* End PBXTargetDependency section */

/* Begin PBXVariantGroup section */
		49671804212F4428009620B6 /* LaunchScreen.storyboard */ = {
			isa = PBXVariantGroup;
			children = (
				49671805212F4428009620B6 /* Base */,
			);
			name = LaunchScreen.storyboard;
			sourceTree = "<group>";
		};
/* End PBXVariantGroup section */

/* Begin XCBuildConfiguration section */
		4967181E212F4428009620B6 /* Debug */ = {
			isa = XCBuildConfiguration;
			buildSettings = {
				ALWAYS_SEARCH_USER_PATHS = NO;
				CLANG_ANALYZER_NONNULL = YES;
				CLANG_ANALYZER_NUMBER_OBJECT_CONVERSION = YES_AGGRESSIVE;
				CLANG_CXX_LANGUAGE_STANDARD = "gnu++14";
				CLANG_CXX_LIBRARY = "libc++";
				CLANG_ENABLE_MODULES = YES;
				CLANG_ENABLE_OBJC_ARC = YES;
				CLANG_ENABLE_OBJC_WEAK = YES;
				CLANG_WARN_BLOCK_CAPTURE_AUTORELEASING = YES;
				CLANG_WARN_BOOL_CONVERSION = YES;
				CLANG_WARN_COMMA = YES;
				CLANG_WARN_CONSTANT_CONVERSION = YES;
				CLANG_WARN_DEPRECATED_OBJC_IMPLEMENTATIONS = YES;
				CLANG_WARN_DIRECT_OBJC_ISA_USAGE = YES_ERROR;
				CLANG_WARN_DOCUMENTATION_COMMENTS = YES;
				CLANG_WARN_EMPTY_BODY = YES;
				CLANG_WARN_ENUM_CONVERSION = YES;
				CLANG_WARN_INFINITE_RECURSION = YES;
				CLANG_WARN_INT_CONVERSION = YES;
				CLANG_WARN_NON_LITERAL_NULL_CONVERSION = YES;
				CLANG_WARN_OBJC_IMPLICIT_RETAIN_SELF = YES;
				CLANG_WARN_OBJC_LITERAL_CONVERSION = YES;
				CLANG_WARN_OBJC_ROOT_CLASS = YES_ERROR;
				CLANG_WARN_RANGE_LOOP_ANALYSIS = YES;
				CLANG_WARN_STRICT_PROTOTYPES = YES;
				CLANG_WARN_SUSPICIOUS_MOVE = YES;
				CLANG_WARN_UNGUARDED_AVAILABILITY = YES_AGGRESSIVE;
				CLANG_WARN_UNREACHABLE_CODE = YES;
				CLANG_WARN__DUPLICATE_METHOD_MATCH = YES;
				CODE_SIGN_IDENTITY = "iPhone Developer";
				COPY_PHASE_STRIP = NO;
				DEBUG_INFORMATION_FORMAT = dwarf;
				ENABLE_STRICT_OBJC_MSGSEND = YES;
				ENABLE_TESTABILITY = YES;
				GCC_C_LANGUAGE_STANDARD = gnu11;
				GCC_DYNAMIC_NO_PIC = NO;
				GCC_NO_COMMON_BLOCKS = YES;
				GCC_OPTIMIZATION_LEVEL = 0;
				GCC_PREPROCESSOR_DEFINITIONS = (
					"DEBUG=1",
					"$(inherited)",
				);
				GCC_WARN_64_TO_32_BIT_CONVERSION = YES;
				GCC_WARN_ABOUT_RETURN_TYPE = YES_ERROR;
				GCC_WARN_UNDECLARED_SELECTOR = YES;
				GCC_WARN_UNINITIALIZED_AUTOS = YES_AGGRESSIVE;
				GCC_WARN_UNUSED_FUNCTION = YES;
				GCC_WARN_UNUSED_VARIABLE = YES;
				IPHONEOS_DEPLOYMENT_TARGET = 11.4;
				MTL_ENABLE_DEBUG_INFO = YES;
				ONLY_ACTIVE_ARCH = YES;
				SDKROOT = iphoneos;
				SWIFT_ACTIVE_COMPILATION_CONDITIONS = DEBUG;
				SWIFT_OPTIMIZATION_LEVEL = "-Onone";
			};
			name = Debug;
		};
		4967181F212F4428009620B6 /* Release */ = {
			isa = XCBuildConfiguration;
			buildSettings = {
				ALWAYS_SEARCH_USER_PATHS = NO;
				CLANG_ANALYZER_NONNULL = YES;
				CLANG_ANALYZER_NUMBER_OBJECT_CONVERSION = YES_AGGRESSIVE;
				CLANG_CXX_LANGUAGE_STANDARD = "gnu++14";
				CLANG_CXX_LIBRARY = "libc++";
				CLANG_ENABLE_MODULES = YES;
				CLANG_ENABLE_OBJC_ARC = YES;
				CLANG_ENABLE_OBJC_WEAK = YES;
				CLANG_WARN_BLOCK_CAPTURE_AUTORELEASING = YES;
				CLANG_WARN_BOOL_CONVERSION = YES;
				CLANG_WARN_COMMA = YES;
				CLANG_WARN_CONSTANT_CONVERSION = YES;
				CLANG_WARN_DEPRECATED_OBJC_IMPLEMENTATIONS = YES;
				CLANG_WARN_DIRECT_OBJC_ISA_USAGE = YES_ERROR;
				CLANG_WARN_DOCUMENTATION_COMMENTS = YES;
				CLANG_WARN_EMPTY_BODY = YES;
				CLANG_WARN_ENUM_CONVERSION = YES;
				CLANG_WARN_INFINITE_RECURSION = YES;
				CLANG_WARN_INT_CONVERSION = YES;
				CLANG_WARN_NON_LITERAL_NULL_CONVERSION = YES;
				CLANG_WARN_OBJC_IMPLICIT_RETAIN_SELF = YES;
				CLANG_WARN_OBJC_LITERAL_CONVERSION = YES;
				CLANG_WARN_OBJC_ROOT_CLASS = YES_ERROR;
				CLANG_WARN_RANGE_LOOP_ANALYSIS = YES;
				CLANG_WARN_STRICT_PROTOTYPES = YES;
				CLANG_WARN_SUSPICIOUS_MOVE = YES;
				CLANG_WARN_UNGUARDED_AVAILABILITY = YES_AGGRESSIVE;
				CLANG_WARN_UNREACHABLE_CODE = YES;
				CLANG_WARN__DUPLICATE_METHOD_MATCH = YES;
				CODE_SIGN_IDENTITY = "iPhone Developer";
				COPY_PHASE_STRIP = NO;
				DEBUG_INFORMATION_FORMAT = "dwarf-with-dsym";
				ENABLE_NS_ASSERTIONS = NO;
				ENABLE_STRICT_OBJC_MSGSEND = YES;
				GCC_C_LANGUAGE_STANDARD = gnu11;
				GCC_NO_COMMON_BLOCKS = YES;
				GCC_WARN_64_TO_32_BIT_CONVERSION = YES;
				GCC_WARN_ABOUT_RETURN_TYPE = YES_ERROR;
				GCC_WARN_UNDECLARED_SELECTOR = YES;
				GCC_WARN_UNINITIALIZED_AUTOS = YES_AGGRESSIVE;
				GCC_WARN_UNUSED_FUNCTION = YES;
				GCC_WARN_UNUSED_VARIABLE = YES;
				IPHONEOS_DEPLOYMENT_TARGET = 11.4;
				MTL_ENABLE_DEBUG_INFO = NO;
				SDKROOT = iphoneos;
				SWIFT_COMPILATION_MODE = wholemodule;
				SWIFT_OPTIMIZATION_LEVEL = "-O";
				VALIDATE_PRODUCT = YES;
			};
			name = Release;
		};
		49671821212F4428009620B6 /* Debug */ = {
			isa = XCBuildConfiguration;
			buildSettings = {
				ASSETCATALOG_COMPILER_APPICON_NAME = AppIcon;
				CODE_SIGN_STYLE = Automatic;
				INFOPLIST_FILE = HelloWorld/Info.plist;
				LD_RUNPATH_SEARCH_PATHS = (
					"$(inherited)",
					"@executable_path/Frameworks",
				);
				PRODUCT_BUNDLE_IDENTIFIER = abbysmith.HelloWorld;
				PRODUCT_NAME = "$(TARGET_NAME)";
				SWIFT_VERSION = 4.0;
				TARGETED_DEVICE_FAMILY = "1,2";
			};
			name = Debug;
		};
		49671822212F4428009620B6 /* Release */ = {
			isa = XCBuildConfiguration;
			buildSettings = {
				ASSETCATALOG_COMPILER_APPICON_NAME = AppIcon;
				CODE_SIGN_STYLE = Automatic;
				INFOPLIST_FILE = HelloWorld/Info.plist;
				LD_RUNPATH_SEARCH_PATHS = (
					"$(inherited)",
					"@executable_path/Frameworks",
				);
				PRODUCT_BUNDLE_IDENTIFIER = abbysmith.HelloWorld;
				PRODUCT_NAME = "$(TARGET_NAME)";
				SWIFT_VERSION = 4.0;
				TARGETED_DEVICE_FAMILY = "1,2";
			};
			name = Release;
		};
		49671824212F4428009620B6 /* Debug */ = {
			isa = XCBuildConfiguration;
			buildSettings = {
				ALWAYS_EMBED_SWIFT_STANDARD_LIBRARIES = YES;
				BUNDLE_LOADER = "$(TEST_HOST)";
				CODE_SIGN_STYLE = Automatic;
				INFOPLIST_FILE = HelloWorldTests/Info.plist;
				LD_RUNPATH_SEARCH_PATHS = (
					"$(inherited)",
					"@executable_path/Frameworks",
					"@loader_path/Frameworks",
				);
				PRODUCT_BUNDLE_IDENTIFIER = abbysmith.HelloWorldTests;
				PRODUCT_NAME = "$(TARGET_NAME)";
				SWIFT_VERSION = 4.0;
				TARGETED_DEVICE_FAMILY = "1,2";
				TEST_HOST = "$(BUILT_PRODUCTS_DIR)/HelloWorld.app/HelloWorld";
			};
			name = Debug;
		};
		49671825212F4428009620B6 /* Release */ = {
			isa = XCBuildConfiguration;
			buildSettings = {
				ALWAYS_EMBED_SWIFT_STANDARD_LIBRARIES = YES;
				BUNDLE_LOADER = "$(TEST_HOST)";
				CODE_SIGN_STYLE = Automatic;
				INFOPLIST_FILE = HelloWorldTests/Info.plist;
				LD_RUNPATH_SEARCH_PATHS = (
					"$(inherited)",
					"@executable_path/Frameworks",
					"@loader_path/Frameworks",
				);
				PRODUCT_BUNDLE_IDENTIFIER = abbysmith.HelloWorldTests;
				PRODUCT_NAME = "$(TARGET_NAME)";
				SWIFT_VERSION = 4.0;
				TARGETED_DEVICE_FAMILY = "1,2";
				TEST_HOST = "$(BUILT_PRODUCTS_DIR)/HelloWorld.app/HelloWorld";
			};
			name = Release;
		};
		49671827212F4428009620B6 /* Debug */ = {
			isa = XCBuildConfiguration;
			buildSettings = {
				ALWAYS_EMBED_SWIFT_STANDARD_LIBRARIES = YES;
				CODE_SIGN_STYLE = Automatic;
				INFOPLIST_FILE = HelloWorldUITests/Info.plist;
				LD_RUNPATH_SEARCH_PATHS = (
					"$(inherited)",
					"@executable_path/Frameworks",
					"@loader_path/Frameworks",
				);
				PRODUCT_BUNDLE_IDENTIFIER = abbysmith.HelloWorldUITests;
				PRODUCT_NAME = "$(TARGET_NAME)";
				SWIFT_VERSION = 4.0;
				TARGETED_DEVICE_FAMILY = "1,2";
				TEST_TARGET_NAME = HelloWorld;
			};
			name = Debug;
		};
		49671828212F4428009620B6 /* Release */ = {
			isa = XCBuildConfiguration;
			buildSettings = {
				ALWAYS_EMBED_SWIFT_STANDARD_LIBRARIES = YES;
				CODE_SIGN_STYLE = Automatic;
				INFOPLIST_FILE = HelloWorldUITests/Info.plist;
				LD_RUNPATH_SEARCH_PATHS = (
					"$(inherited)",
					"@executable_path/Frameworks",
					"@loader_path/Frameworks",
				);
				PRODUCT_BUNDLE_IDENTIFIER = abbysmith.HelloWorldUITests;
				PRODUCT_NAME = "$(TARGET_NAME)";
				SWIFT_VERSION = 4.0;
				TARGETED_DEVICE_FAMILY = "1,2";
				TEST_TARGET_NAME = HelloWorld;
			};
			name = Release;
		};
/* End XCBuildConfiguration section */

/* Begin XCConfigurationList section */
		496717F3212F4427009620B6 /* Build configuration list for PBXProject "HelloWorld" */ = {
			isa = XCConfigurationList;
			buildConfigurations = (
				4967181E212F4428009620B6 /* Debug */,
				4967181F212F4428009620B6 /* Release */,
			);
			defaultConfigurationIsVisible = 0;
			defaultConfigurationName = Release;
		};
		49671820212F4428009620B6 /* Build configuration list for PBXNativeTarget "HelloWorld" */ = {
			isa = XCConfigurationList;
			buildConfigurations = (
				49671821212F4428009620B6 /* Debug */,
				49671822212F4428009620B6 /* Release */,
			);
			defaultConfigurationIsVisible = 0;
			defaultConfigurationName = Release;
		};
		49671823212F4428009620B6 /* Build configuration list for PBXNativeTarget "HelloWorldTests" */ = {
			isa = XCConfigurationList;
			buildConfigurations = (
				49671824212F4428009620B6 /* Debug */,
				49671825212F4428009620B6 /* Release */,
			);
			defaultConfigurationIsVisible = 0;
			defaultConfigurationName = Release;
		};
		49671826212F4428009620B6 /* Build configuration list for PBXNativeTarget "HelloWorldUITests" */ = {
			isa = XCConfigurationList;
			buildConfigurations = (
				49671827212F4428009620B6 /* Debug */,
				49671828212F4428009620B6 /* Release */,
			);
			defaultConfigurationIsVisible = 0;
			defaultConfigurationName = Release;
		};
/* End XCConfigurationList section */
	};
	rootObject = 496717F0212F4427009620B6 /* Project object */;
}
